<?xml version="1.0" encoding="utf-8"?>
<Project ToolsVersion="4.0" xmlns="http://schemas.microsoft.com/developer/msbuild/2003">
  <ItemGroup>
    <Filter Include="源文件">
      <UniqueIdentifier>{4FC737F1-C7A5-4376-A066-2A32D752A2FF}</UniqueIdentifier>
      <Extensions>cpp;c;cc;cxx;def;odl;idl;hpj;bat;asm;asmx</Extensions>
    </Filter>
    <Filter Include="头文件">
      <UniqueIdentifier>{93995380-89BD-4b04-88EB-625FBE52EBFB}</UniqueIdentifier>
      <Extensions>h;hh;hpp;hxx;hm;inl;inc;ipp;xsd</Extensions>
    </Filter>
    <Filter Include="资源文件">
      <UniqueIdentifier>{67DA6AB6-F800-4c08-8B7A-83BB121AAD01}</UniqueIdentifier>
      <Extensions>rc;ico;cur;bmp;dlg;rc2;rct;bin;rgs;gif;jpg;jpeg;jpe;resx;tiff;tif;png;wav;mfcribbon-ms</Extensions>
    </Filter>
  </ItemGroup>
  <ItemGroup>
    <ClInclude Include="ConstructScene.h">
      <Filter>源文件</Filter>
    </ClInclude>
    <ClInclude Include="..\mFunctionTools\Include\Animation.h">
      <Filter>头文件</Filter>
    </ClInclude>
    <ClInclude Include="..\mFunctionTools\Include\BufferManager.h">
      <Filter>头文件</Filter>
    </ClInclude>
    <ClInclude Include="..\mFunctionTools\Include\Camera.h">
      <Filter>头文件</Filter>
    </ClInclude>
    <ClInclude Include="..\mFunctionTools\Include\DeferRenderPipeline.h">
      <Filter>头文件</Filter>
    </ClInclude>
    <ClInclude Include="..\mFunctionTools\Include\Framebuffer2D.h">
      <Filter>头文件</Filter>
    </ClInclude>
    <ClInclude Include="..\mFunctionTools\Include\GlobalPram.h">
      <Filter>头文件</Filter>
    </ClInclude>
    <ClInclude Include="..\mFunctionTools\Include\Light.h">
      <Filter>头文件</Filter>
    </ClInclude>
    <ClInclude Include="..\mFunctionTools\Include\Material.h">
      <Filter>头文件</Filter>
    </ClInclude>
    <ClInclude Include="..\mFunctionTools\Include\MaterialInstance.h">
      <Filter>头文件</Filter>
    </ClInclude>
    <ClInclude Include="..\mFunctionTools\Include\Model.h">
      <Filter>头文件</Filter>
    </ClInclude>
    <ClInclude Include="..\mFunctionTools\Include\Object.h">
      <Filter>头文件</Filter>
    </ClInclude>
    <ClInclude Include="..\mFunctionTools\Include\Quaternion.h">
      <Filter>头文件</Filter>
    </ClInclude>
    <ClInclude Include="..\mFunctionTools\Include\RectBufferObject.h">
      <Filter>头文件</Filter>
    </ClInclude>
    <ClInclude Include="..\mFunctionTools\Include\ReflectionCapture.h">
      <Filter>头文件</Filter>
    </ClInclude>
    <ClInclude Include="..\mFunctionTools\Include\SceneManager.h">
      <Filter>头文件</Filter>
    </ClInclude>
    <ClInclude Include="..\mFunctionTools\Include\SurroundBox.h">
      <Filter>头文件</Filter>
    </ClInclude>
    <ClInclude Include="..\mFunctionTools\Include\SystemTextures.h">
      <Filter>头文件</Filter>
    </ClInclude>
    <ClInclude Include="..\mFunctionTools\Include\Texture.h">
      <Filter>头文件</Filter>
    </ClInclude>
    <ClInclude Include="..\mFunctionTools\Include\Transform.h">
      <Filter>头文件</Filter>
    </ClInclude>
    <ClInclude Include="..\mFunctionTools\Include\Util.h">
      <Filter>头文件</Filter>
    </ClInclude>
  </ItemGroup>
  <ItemGroup>
    <ClCompile Include="Main.cpp">
      <Filter>源文件</Filter>
    </ClCompile>
    <ClCompile Include="..\mFunctionTools\Source\Animation.cpp">
      <Filter>源文件</Filter>
    </ClCompile>
    <ClCompile Include="..\mFunctionTools\Source\BufferManager.cpp">
      <Filter>源文件</Filter>
    </ClCompile>
    <ClCompile Include="..\mFunctionTools\Source\Camera.cpp">
      <Filter>源文件</Filter>
    </ClCompile>
    <ClCompile Include="..\mFunctionTools\Source\DeferRenderPipeline.cpp">
      <Filter>源文件</Filter>
    </ClCompile>
    <ClCompile Include="..\mFunctionTools\Source\Framebuffer2D.cpp">
      <Filter>源文件</Filter>
    </ClCompile>
    <ClCompile Include="..\mFunctionTools\Source\Light.cpp">
      <Filter>源文件</Filter>
    </ClCompile>
    <ClCompile Include="..\mFunctionTools\Source\Material.cpp">
      <Filter>源文件</Filter>
    </ClCompile>
    <ClCompile Include="..\mFunctionTools\Source\MaterialInstance.cpp">
      <Filter>源文件</Filter>
    </ClCompile>
    <ClCompile Include="..\mFunctionTools\Source\Model.cpp">
      <Filter>源文件</Filter>
    </ClCompile>
    <ClCompile Include="..\mFunctionTools\Source\Object.cpp">
      <Filter>源文件</Filter>
    </ClCompile>
    <ClCompile Include="..\mFunctionTools\Source\Quaternion.cpp">
      <Filter>源文件</Filter>
    </ClCompile>
    <ClCompile Include="..\mFunctionTools\Source\RectBufferObject.cpp">
      <Filter>源文件</Filter>
    </ClCompile>
    <ClCompile Include="..\mFunctionTools\Source\ReflectionCapture.cpp">
      <Filter>源文件</Filter>
    </ClCompile>
    <ClCompile Include="..\mFunctionTools\Source\SceneManager.cpp">
      <Filter>源文件</Filter>
    </ClCompile>
    <ClCompile Include="..\mFunctionTools\Source\SurroundBox.cpp">
      <Filter>源文件</Filter>
    </ClCompile>
    <ClCompile Include="..\mFunctionTools\Source\SystemTextures.cpp">
      <Filter>源文件</Filter>
    </ClCompile>
    <ClCompile Include="..\mFunctionTools\Source\Texture.cpp">
      <Filter>源文件</Filter>
    </ClCompile>
    <ClCompile Include="..\mFunctionTools\Source\Transform.cpp">
      <Filter>源文件</Filter>
    </ClCompile>
  </ItemGroup>
</Project>